
Microsoft Visual Studio Solution File, Format Version 12.00
# Visual Studio Version 17
VisualStudioVersion = 17.3.32811.315
MinimumVisualStudioVersion = 10.0.40219.1
Project("{FAE04EC0-301F-11D3-BF4B-00C04F79EFBC}") = "prod_class_table", "prod_class_table\prod_class_table.csproj", "{FAED8DDC-0CDF-4D19-AC92-ADD11855C15A}"
EndProject
Global
	GlobalSection(SolutionConfigurationPlatforms) = preSolution
		Debug|Any CPU = Debug|Any CPU
		Release|Any CPU = Release|Any CPU
	EndGlobalSection
	GlobalSection(ProjectConfigurationPlatforms) = postSolution
		{FAED8DDC-0CDF-4D19-AC92-ADD11855C15A}.Debug|Any CPU.ActiveCfg = Debug|Any CPU
		{FAED8DDC-0CDF-4D19-AC92-ADD11855C15A}.Debug|Any CPU.Build.0 = Debug|Any CPU
		{FAED8DDC-0CDF-4D19-AC92-ADD11855C15A}.Release|Any CPU.ActiveCfg = Release|Any CPU
		{FAED8DDC-0CDF-4D19-AC92-ADD11855C15A}.Release|Any CPU.Build.0 = Release|Any CPU
	EndGlobalSection
	GlobalSection(SolutionProperties) = preSolution
		HideSolutionNode = FALSE
	EndGlobalSection
	GlobalSection(ExtensibilityGlobals) = postSolution
		SolutionGuid = {208F5F1B-0EA3-4B3B-847A-AE966B56E750}
	EndGlobalSection
EndGlobal
